
Microsoft Visual Studio Solution File, Format Version 12.00
Project("{FAE04EC0-301F-11D3-BF4B-00C04F79EFBC}") = "ConsoleApp7", "ConsoleApp7\ConsoleApp7.csproj", "{B39035A7-9593-4264-AD4A-5176DDA08329}"
EndProject
Global
	GlobalSection(SolutionConfigurationPlatforms) = preSolution
		Debug|Any CPU = Debug|Any CPU
		Release|Any CPU = Release|Any CPU
	EndGlobalSection
	GlobalSection(ProjectConfigurationPlatforms) = postSolution
		{B39035A7-9593-4264-AD4A-5176DDA08329}.Debug|Any CPU.ActiveCfg = Debug|Any CPU
		{B39035A7-9593-4264-AD4A-5176DDA08329}.Debug|Any CPU.Build.0 = Debug|Any CPU
		{B39035A7-9593-4264-AD4A-5176DDA08329}.Release|Any CPU.ActiveCfg = Release|Any CPU
		{B39035A7-9593-4264-AD4A-5176DDA08329}.Release|Any CPU.Build.0 = Release|Any CPU
	EndGlobalSection
EndGlobal
